// !$*UTF8*$!
{
	archiveVersion = 1;
	classes = {
	};
	objectVersion = 55;
	objects = {

/* Begin PBXBuildFile section */
		F71DFA312808636100B7677B /* MinesweeperBoardGeneratorTests.swift in Sources */ = {isa = PBXBuildFile; fileRef = F71DFA302808636100B7677B /* MinesweeperBoardGeneratorTests.swift */; };
		F71DFA33280866EC00B7677B /* BoardGenerator.swift in Sources */ = {isa = PBXBuildFile; fileRef = F71DFA32280866EC00B7677B /* BoardGenerator.swift */; };
		F71DFA352808670C00B7677B /* PrimeBoardGenerator.swift in Sources */ = {isa = PBXBuildFile; fileRef = F71DFA342808670C00B7677B /* PrimeBoardGenerator.swift */; };
		F71DFA372808674500B7677B /* RandomBoardGenerator.swift in Sources */ = {isa = PBXBuildFile; fileRef = F71DFA362808674500B7677B /* RandomBoardGenerator.swift */; };
		F71DFA3928086EE100B7677B /* RandomIndexSelector.swift in Sources */ = {isa = PBXBuildFile; fileRef = F71DFA3828086EE100B7677B /* RandomIndexSelector.swift */; };
		F71DFA3B280871F500B7677B /* MockRandomIndexSelector.swift in Sources */ = {isa = PBXBuildFile; fileRef = F71DFA3A280871F500B7677B /* MockRandomIndexSelector.swift */; };
		F7E195C727F5DFF300A31BC3 /* MinesweeperApp.swift in Sources */ = {isa = PBXBuildFile; fileRef = F7E195C627F5DFF300A31BC3 /* MinesweeperApp.swift */; };
		F7E195C927F5DFF300A31BC3 /* ContentView.swift in Sources */ = {isa = PBXBuildFile; fileRef = F7E195C827F5DFF300A31BC3 /* ContentView.swift */; };
		F7E195CB27F5DFF500A31BC3 /* Assets.xcassets in Resources */ = {isa = PBXBuildFile; fileRef = F7E195CA27F5DFF500A31BC3 /* Assets.xcassets */; };
		F7E195CE27F5DFF500A31BC3 /* Preview Assets.xcassets in Resources */ = {isa = PBXBuildFile; fileRef = F7E195CD27F5DFF500A31BC3 /* Preview Assets.xcassets */; };
		F7E195D827F5DFF500A31BC3 /* MinesweeperTests.swift in Sources */ = {isa = PBXBuildFile; fileRef = F7E195D727F5DFF500A31BC3 /* MinesweeperTests.swift */; };
		F7E195F127F5E0A000A31BC3 /* MinesweeperBoard.swift in Sources */ = {isa = PBXBuildFile; fileRef = F7E195F027F5E0A000A31BC3 /* MinesweeperBoard.swift */; };
		F7E195F327F5E6CD00A31BC3 /* Minesweeper.swift in Sources */ = {isa = PBXBuildFile; fileRef = F7E195F227F5E6CD00A31BC3 /* Minesweeper.swift */; };
		F7EFCC2327FF3762002E5294 /* MinesweeperBoardViewModel.swift in Sources */ = {isa = PBXBuildFile; fileRef = F7EFCC2227FF3762002E5294 /* MinesweeperBoardViewModel.swift */; };
		F7EFCC2527FF385C002E5294 /* MinesweeperBoardViewModelTests.swift in Sources */ = {isa = PBXBuildFile; fileRef = F7EFCC2427FF385C002E5294 /* MinesweeperBoardViewModelTests.swift */; };
/* End PBXBuildFile section */

/* Begin PBXContainerItemProxy section */
		F7E195D427F5DFF500A31BC3 /* PBXContainerItemProxy */ = {
			isa = PBXContainerItemProxy;
			containerPortal = F7E195BB27F5DFF300A31BC3 /* Project object */;
			proxyType = 1;
			remoteGlobalIDString = F7E195C227F5DFF300A31BC3;
			remoteInfo = Minesweeper;
		};
/* End PBXContainerItemProxy section */

/* Begin PBXFileReference section */
		F71DFA302808636100B7677B /* MinesweeperBoardGeneratorTests.swift */ = {isa = PBXFileReference; lastKnownFileType = sourcecode.swift; path = MinesweeperBoardGeneratorTests.swift; sourceTree = "<group>"; };
		F71DFA32280866EC00B7677B /* BoardGenerator.swift */ = {isa = PBXFileReference; lastKnownFileType = sourcecode.swift; path = BoardGenerator.swift; sourceTree = "<group>"; };
		F71DFA342808670C00B7677B /* PrimeBoardGenerator.swift */ = {isa = PBXFileReference; lastKnownFileType = sourcecode.swift; path = PrimeBoardGenerator.swift; sourceTree = "<group>"; };
		F71DFA362808674500B7677B /* RandomBoardGenerator.swift */ = {isa = PBXFileReference; lastKnownFileType = sourcecode.swift; path = RandomBoardGenerator.swift; sourceTree = "<group>"; };
		F71DFA3828086EE100B7677B /* RandomIndexSelector.swift */ = {isa = PBXFileReference; lastKnownFileType = sourcecode.swift; path = RandomIndexSelector.swift; sourceTree = "<group>"; };
		F71DFA3A280871F500B7677B /* MockRandomIndexSelector.swift */ = {isa = PBXFileReference; lastKnownFileType = sourcecode.swift; path = MockRandomIndexSelector.swift; sourceTree = "<group>"; };
		F7E195C327F5DFF300A31BC3 /* Minesweeper.app */ = {isa = PBXFileReference; explicitFileType = wrapper.application; includeInIndex = 0; path = Minesweeper.app; sourceTree = BUILT_PRODUCTS_DIR; };
		F7E195C627F5DFF300A31BC3 /* MinesweeperApp.swift */ = {isa = PBXFileReference; lastKnownFileType = sourcecode.swift; path = MinesweeperApp.swift; sourceTree = "<group>"; };
		F7E195C827F5DFF300A31BC3 /* ContentView.swift */ = {isa = PBXFileReference; lastKnownFileType = sourcecode.swift; path = ContentView.swift; sourceTree = "<group>"; };
		F7E195CA27F5DFF500A31BC3 /* Assets.xcassets */ = {isa = PBXFileReference; lastKnownFileType = folder.assetcatalog; path = Assets.xcassets; sourceTree = "<group>"; };
		F7E195CD27F5DFF500A31BC3 /* Preview Assets.xcassets */ = {isa = PBXFileReference; lastKnownFileType = folder.assetcatalog; path = "Preview Assets.xcassets"; sourceTree = "<group>"; };
		F7E195D327F5DFF500A31BC3 /* MinesweeperTests.xctest */ = {isa = PBXFileReference; explicitFileType = wrapper.cfbundle; includeInIndex = 0; path = MinesweeperTests.xctest; sourceTree = BUILT_PRODUCTS_DIR; };
		F7E195D727F5DFF500A31BC3 /* MinesweeperTests.swift */ = {isa = PBXFileReference; lastKnownFileType = sourcecode.swift; path = MinesweeperTests.swift; sourceTree = "<group>"; };
		F7E195F027F5E0A000A31BC3 /* MinesweeperBoard.swift */ = {isa = PBXFileReference; lastKnownFileType = sourcecode.swift; path = MinesweeperBoard.swift; sourceTree = "<group>"; };
		F7E195F227F5E6CD00A31BC3 /* Minesweeper.swift */ = {isa = PBXFileReference; lastKnownFileType = sourcecode.swift; path = Minesweeper.swift; sourceTree = "<group>"; };
		F7EFCC2227FF3762002E5294 /* MinesweeperBoardViewModel.swift */ = {isa = PBXFileReference; lastKnownFileType = sourcecode.swift; path = MinesweeperBoardViewModel.swift; sourceTree = "<group>"; };
		F7EFCC2427FF385C002E5294 /* MinesweeperBoardViewModelTests.swift */ = {isa = PBXFileReference; lastKnownFileType = sourcecode.swift; path = MinesweeperBoardViewModelTests.swift; sourceTree = "<group>"; };
/* End PBXFileReference section */

/* Begin PBXFrameworksBuildPhase section */
		F7E195C027F5DFF300A31BC3 /* Frameworks */ = {
			isa = PBXFrameworksBuildPhase;
			buildActionMask = 2147483647;
			files = (
			);
			runOnlyForDeploymentPostprocessing = 0;
		};
		F7E195D027F5DFF500A31BC3 /* Frameworks */ = {
			isa = PBXFrameworksBuildPhase;
			buildActionMask = 2147483647;
			files = (
			);
			runOnlyForDeploymentPostprocessing = 0;
		};
/* End PBXFrameworksBuildPhase section */

/* Begin PBXGroup section */
		F7E195BA27F5DFF300A31BC3 = {
			isa = PBXGroup;
			children = (
				F7E195C527F5DFF300A31BC3 /* Minesweeper */,
				F7E195D627F5DFF500A31BC3 /* MinesweeperTests */,
				F7E195C427F5DFF300A31BC3 /* Products */,
			);
			sourceTree = "<group>";
		};
		F7E195C427F5DFF300A31BC3 /* Products */ = {
			isa = PBXGroup;
			children = (
				F7E195C327F5DFF300A31BC3 /* Minesweeper.app */,
				F7E195D327F5DFF500A31BC3 /* MinesweeperTests.xctest */,
			);
			name = Products;
			sourceTree = "<group>";
		};
		F7E195C527F5DFF300A31BC3 /* Minesweeper */ = {
			isa = PBXGroup;
			children = (
				F7E195C627F5DFF300A31BC3 /* MinesweeperApp.swift */,
				F7E195C827F5DFF300A31BC3 /* ContentView.swift */,
				F7EFCC2227FF3762002E5294 /* MinesweeperBoardViewModel.swift */,
				F7E195F227F5E6CD00A31BC3 /* Minesweeper.swift */,
				F7E195CA27F5DFF500A31BC3 /* Assets.xcassets */,
				F7E195CC27F5DFF500A31BC3 /* Preview Content */,
				F7E195F027F5E0A000A31BC3 /* MinesweeperBoard.swift */,
				F71DFA32280866EC00B7677B /* BoardGenerator.swift */,
				F71DFA342808670C00B7677B /* PrimeBoardGenerator.swift */,
				F71DFA362808674500B7677B /* RandomBoardGenerator.swift */,
				F71DFA3828086EE100B7677B /* RandomIndexSelector.swift */,
			);
			path = Minesweeper;
			sourceTree = "<group>";
		};
		F7E195CC27F5DFF500A31BC3 /* Preview Content */ = {
			isa = PBXGroup;
			children = (
				F7E195CD27F5DFF500A31BC3 /* Preview Assets.xcassets */,
			);
			path = "Preview Content";
			sourceTree = "<group>";
		};
		F7E195D627F5DFF500A31BC3 /* MinesweeperTests */ = {
			isa = PBXGroup;
			children = (
				F7E195D727F5DFF500A31BC3 /* MinesweeperTests.swift */,
				F7EFCC2427FF385C002E5294 /* MinesweeperBoardViewModelTests.swift */,
				F71DFA302808636100B7677B /* MinesweeperBoardGeneratorTests.swift */,
				F71DFA3A280871F500B7677B /* MockRandomIndexSelector.swift */,
			);
			path = MinesweeperTests;
			sourceTree = "<group>";
		};
/* End PBXGroup section */

/* Begin PBXNativeTarget section */
		F7E195C227F5DFF300A31BC3 /* Minesweeper */ = {
			isa = PBXNativeTarget;
			buildConfigurationList = F7E195E727F5DFF500A31BC3 /* Build configuration list for PBXNativeTarget "Minesweeper" */;
			buildPhases = (
				F7E195BF27F5DFF300A31BC3 /* Sources */,
				F7E195C027F5DFF300A31BC3 /* Frameworks */,
				F7E195C127F5DFF300A31BC3 /* Resources */,
			);
			buildRules = (
			);
			dependencies = (
			);
			name = Minesweeper;
			productName = Minesweeper;
			productReference = F7E195C327F5DFF300A31BC3 /* Minesweeper.app */;
			productType = "com.apple.product-type.application";
		};
		F7E195D227F5DFF500A31BC3 /* MinesweeperTests */ = {
			isa = PBXNativeTarget;
			buildConfigurationList = F7E195EA27F5DFF500A31BC3 /* Build configuration list for PBXNativeTarget "MinesweeperTests" */;
			buildPhases = (
				F7E195CF27F5DFF500A31BC3 /* Sources */,
				F7E195D027F5DFF500A31BC3 /* Frameworks */,
				F7E195D127F5DFF500A31BC3 /* Resources */,
			);
			buildRules = (
			);
			dependencies = (
				F7E195D527F5DFF500A31BC3 /* PBXTargetDependency */,
			);
			name = MinesweeperTests;
			productName = MinesweeperTests;
			productReference = F7E195D327F5DFF500A31BC3 /* MinesweeperTests.xctest */;
			productType = "com.apple.product-type.bundle.unit-test";
		};
/* End PBXNativeTarget section */

/* Begin PBXProject section */
		F7E195BB27F5DFF300A31BC3 /* Project object */ = {
			isa = PBXProject;
			attributes = {
				BuildIndependentTargetsInParallel = 1;
				LastSwiftUpdateCheck = 1330;
				LastUpgradeCheck = 1330;
				TargetAttributes = {
					F7E195C227F5DFF300A31BC3 = {
						CreatedOnToolsVersion = 13.3;
					};
					F7E195D227F5DFF500A31BC3 = {
						CreatedOnToolsVersion = 13.3;
						TestTargetID = F7E195C227F5DFF300A31BC3;
					};
				};
			};
			buildConfigurationList = F7E195BE27F5DFF300A31BC3 /* Build configuration list for PBXProject "Minesweeper" */;
			compatibilityVersion = "Xcode 13.0";
			developmentRegion = en;
			hasScannedForEncodings = 0;
			knownRegions = (
				en,
				Base,
			);
			mainGroup = F7E195BA27F5DFF300A31BC3;
			productRefGroup = F7E195C427F5DFF300A31BC3 /* Products */;
			projectDirPath = "";
			projectRoot = "";
			targets = (
				F7E195C227F5DFF300A31BC3 /* Minesweeper */,
				F7E195D227F5DFF500A31BC3 /* MinesweeperTests */,
			);
		};
/* End PBXProject section */

/* Begin PBXResourcesBuildPhase section */
		F7E195C127F5DFF300A31BC3 /* Resources */ = {
			isa = PBXResourcesBuildPhase;
			buildActionMask = 2147483647;
			files = (
				F7E195CE27F5DFF500A31BC3 /* Preview Assets.xcassets in Resources */,
				F7E195CB27F5DFF500A31BC3 /* Assets.xcassets in Resources */,
			);
			runOnlyForDeploymentPostprocessing = 0;
		};
		F7E195D127F5DFF500A31BC3 /* Resources */ = {
			isa = PBXResourcesBuildPhase;
			buildActionMask = 2147483647;
			files = (
			);
			runOnlyForDeploymentPostprocessing = 0;
		};
/* End PBXResourcesBuildPhase section */

/* Begin PBXSourcesBuildPhase section */
		F7E195BF27F5DFF300A31BC3 /* Sources */ = {
			isa = PBXSourcesBuildPhase;
			buildActionMask = 2147483647;
			files = (
				F7E195F327F5E6CD00A31BC3 /* Minesweeper.swift in Sources */,
				F71DFA3928086EE100B7677B /* RandomIndexSelector.swift in Sources */,
				F7E195C927F5DFF300A31BC3 /* ContentView.swift in Sources */,
				F7E195C727F5DFF300A31BC3 /* MinesweeperApp.swift in Sources */,
				F7E195F127F5E0A000A31BC3 /* MinesweeperBoard.swift in Sources */,
				F71DFA33280866EC00B7677B /* BoardGenerator.swift in Sources */,
				F71DFA372808674500B7677B /* RandomBoardGenerator.swift in Sources */,
				F7EFCC2327FF3762002E5294 /* MinesweeperBoardViewModel.swift in Sources */,
				F71DFA352808670C00B7677B /* PrimeBoardGenerator.swift in Sources */,
			);
			runOnlyForDeploymentPostprocessing = 0;
		};
		F7E195CF27F5DFF500A31BC3 /* Sources */ = {
			isa = PBXSourcesBuildPhase;
			buildActionMask = 2147483647;
			files = (
				F71DFA3B280871F500B7677B /* MockRandomIndexSelector.swift in Sources */,
				F7EFCC2527FF385C002E5294 /* MinesweeperBoardViewModelTests.swift in Sources */,
				F71DFA312808636100B7677B /* MinesweeperBoardGeneratorTests.swift in Sources */,
				F7E195D827F5DFF500A31BC3 /* MinesweeperTests.swift in Sources */,
			);
			runOnlyForDeploymentPostprocessing = 0;
		};
/* End PBXSourcesBuildPhase section */

/* Begin PBXTargetDependency section */
		F7E195D527F5DFF500A31BC3 /* PBXTargetDependency */ = {
			isa = PBXTargetDependency;
			target = F7E195C227F5DFF300A31BC3 /* Minesweeper */;
			targetProxy = F7E195D427F5DFF500A31BC3 /* PBXContainerItemProxy */;
		};
/* End PBXTargetDependency section */

/* Begin XCBuildConfiguration section */
		F7E195E527F5DFF500A31BC3 /* Debug */ = {
			isa = XCBuildConfiguration;
			buildSettings = {
				ALWAYS_SEARCH_USER_PATHS = NO;
				CLANG_ANALYZER_NONNULL = YES;
				CLANG_ANALYZER_NUMBER_OBJECT_CONVERSION = YES_AGGRESSIVE;
				CLANG_CXX_LANGUAGE_STANDARD = "gnu++17";
				CLANG_ENABLE_MODULES = YES;
				CLANG_ENABLE_OBJC_ARC = YES;
				CLANG_ENABLE_OBJC_WEAK = YES;
				CLANG_WARN_BLOCK_CAPTURE_AUTORELEASING = YES;
				CLANG_WARN_BOOL_CONVERSION = YES;
				CLANG_WARN_COMMA = YES;
				CLANG_WARN_CONSTANT_CONVERSION = YES;
				CLANG_WARN_DEPRECATED_OBJC_IMPLEMENTATIONS = YES;
				CLANG_WARN_DIRECT_OBJC_ISA_USAGE = YES_ERROR;
				CLANG_WARN_DOCUMENTATION_COMMENTS = YES;
				CLANG_WARN_EMPTY_BODY = YES;
				CLANG_WARN_ENUM_CONVERSION = YES;
				CLANG_WARN_INFINITE_RECURSION = YES;
				CLANG_WARN_INT_CONVERSION = YES;
				CLANG_WARN_NON_LITERAL_NULL_CONVERSION = YES;
				CLANG_WARN_OBJC_IMPLICIT_RETAIN_SELF = YES;
				CLANG_WARN_OBJC_LITERAL_CONVERSION = YES;
				CLANG_WARN_OBJC_ROOT_CLASS = YES_ERROR;
				CLANG_WARN_QUOTED_INCLUDE_IN_FRAMEWORK_HEADER = YES;
				CLANG_WARN_RANGE_LOOP_ANALYSIS = YES;
				CLANG_WARN_STRICT_PROTOTYPES = YES;
				CLANG_WARN_SUSPICIOUS_MOVE = YES;
				CLANG_WARN_UNGUARDED_AVAILABILITY = YES_AGGRESSIVE;
				CLANG_WARN_UNREACHABLE_CODE = YES;
				CLANG_WARN__DUPLICATE_METHOD_MATCH = YES;
				COPY_PHASE_STRIP = NO;
				DEBUG_INFORMATION_FORMAT = dwarf;
				ENABLE_STRICT_OBJC_MSGSEND = YES;
				ENABLE_TESTABILITY = YES;
				GCC_C_LANGUAGE_STANDARD = gnu11;
				GCC_DYNAMIC_NO_PIC = NO;
				GCC_NO_COMMON_BLOCKS = YES;
				GCC_OPTIMIZATION_LEVEL = 0;
				GCC_PREPROCESSOR_DEFINITIONS = (
					"DEBUG=1",
					"$(inherited)",
				);
				GCC_WARN_64_TO_32_BIT_CONVERSION = YES;
				GCC_WARN_ABOUT_RETURN_TYPE = YES_ERROR;
				GCC_WARN_UNDECLARED_SELECTOR = YES;
				GCC_WARN_UNINITIALIZED_AUTOS = YES_AGGRESSIVE;
				GCC_WARN_UNUSED_FUNCTION = YES;
				GCC_WARN_UNUSED_VARIABLE = YES;
				IPHONEOS_DEPLOYMENT_TARGET = 15.4;
				MTL_ENABLE_DEBUG_INFO = INCLUDE_SOURCE;
				MTL_FAST_MATH = YES;
				ONLY_ACTIVE_ARCH = YES;
				SDKROOT = iphoneos;
				SWIFT_ACTIVE_COMPILATION_CONDITIONS = DEBUG;
				SWIFT_OPTIMIZATION_LEVEL = "-Onone";
			};
			name = Debug;
		};
		F7E195E627F5DFF500A31BC3 /* Release */ = {
			isa = XCBuildConfiguration;
			buildSettings = {
				ALWAYS_SEARCH_USER_PATHS = NO;
				CLANG_ANALYZER_NONNULL = YES;
				CLANG_ANALYZER_NUMBER_OBJECT_CONVERSION = YES_AGGRESSIVE;
				CLANG_CXX_LANGUAGE_STANDARD = "gnu++17";
				CLANG_ENABLE_MODULES = YES;
				CLANG_ENABLE_OBJC_ARC = YES;
				CLANG_ENABLE_OBJC_WEAK = YES;
				CLANG_WARN_BLOCK_CAPTURE_AUTORELEASING = YES;
				CLANG_WARN_BOOL_CONVERSION = YES;
				CLANG_WARN_COMMA = YES;
				CLANG_WARN_CONSTANT_CONVERSION = YES;
				CLANG_WARN_DEPRECATED_OBJC_IMPLEMENTATIONS = YES;
				CLANG_WARN_DIRECT_OBJC_ISA_USAGE = YES_ERROR;
				CLANG_WARN_DOCUMENTATION_COMMENTS = YES;
				CLANG_WARN_EMPTY_BODY = YES;
				CLANG_WARN_ENUM_CONVERSION = YES;
				CLANG_WARN_INFINITE_RECURSION = YES;
				CLANG_WARN_INT_CONVERSION = YES;
				CLANG_WARN_NON_LITERAL_NULL_CONVERSION = YES;
				CLANG_WARN_OBJC_IMPLICIT_RETAIN_SELF = YES;
				CLANG_WARN_OBJC_LITERAL_CONVERSION = YES;
				CLANG_WARN_OBJC_ROOT_CLASS = YES_ERROR;
				CLANG_WARN_QUOTED_INCLUDE_IN_FRAMEWORK_HEADER = YES;
				CLANG_WARN_RANGE_LOOP_ANALYSIS = YES;
				CLANG_WARN_STRICT_PROTOTYPES = YES;
				CLANG_WARN_SUSPICIOUS_MOVE = YES;
				CLANG_WARN_UNGUARDED_AVAILABILITY = YES_AGGRESSIVE;
				CLANG_WARN_UNREACHABLE_CODE = YES;
				CLANG_WARN__DUPLICATE_METHOD_MATCH = YES;
				COPY_PHASE_STRIP = NO;
				DEBUG_INFORMATION_FORMAT = "dwarf-with-dsym";
				ENABLE_NS_ASSERTIONS = NO;
				ENABLE_STRICT_OBJC_MSGSEND = YES;
				GCC_C_LANGUAGE_STANDARD = gnu11;
				GCC_NO_COMMON_BLOCKS = YES;
				GCC_WARN_64_TO_32_BIT_CONVERSION = YES;
				GCC_WARN_ABOUT_RETURN_TYPE = YES_ERROR;
				GCC_WARN_UNDECLARED_SELECTOR = YES;
				GCC_WARN_UNINITIALIZED_AUTOS = YES_AGGRESSIVE;
				GCC_WARN_UNUSED_FUNCTION = YES;
				GCC_WARN_UNUSED_VARIABLE = YES;
				IPHONEOS_DEPLOYMENT_TARGET = 15.4;
				MTL_ENABLE_DEBUG_INFO = NO;
				MTL_FAST_MATH = YES;
				SDKROOT = iphoneos;
				SWIFT_COMPILATION_MODE = wholemodule;
				SWIFT_OPTIMIZATION_LEVEL = "-O";
				VALIDATE_PRODUCT = YES;
			};
			name = Release;
		};
		F7E195E827F5DFF500A31BC3 /* Debug */ = {
			isa = XCBuildConfiguration;
			buildSettings = {
				ASSETCATALOG_COMPILER_APPICON_NAME = AppIcon;
				ASSETCATALOG_COMPILER_GLOBAL_ACCENT_COLOR_NAME = AccentColor;
				CODE_SIGN_STYLE = Automatic;
				CURRENT_PROJECT_VERSION = 1;
				DEVELOPMENT_ASSET_PATHS = "\"Minesweeper/Preview Content\"";
				DEVELOPMENT_TEAM = Z23KBBLHWB;
				ENABLE_PREVIEWS = YES;
				GENERATE_INFOPLIST_FILE = YES;
				INFOPLIST_KEY_UIApplicationSceneManifest_Generation = YES;
				INFOPLIST_KEY_UIApplicationSupportsIndirectInputEvents = YES;
				INFOPLIST_KEY_UILaunchScreen_Generation = YES;
				INFOPLIST_KEY_UISupportedInterfaceOrientations_iPad = "UIInterfaceOrientationPortrait UIInterfaceOrientationPortraitUpsideDown UIInterfaceOrientationLandscapeLeft UIInterfaceOrientationLandscapeRight";
				INFOPLIST_KEY_UISupportedInterfaceOrientations_iPhone = "UIInterfaceOrientationPortrait UIInterfaceOrientationLandscapeLeft UIInterfaceOrientationLandscapeRight";
				LD_RUNPATH_SEARCH_PATHS = (
					"$(inherited)",
					"@executable_path/Frameworks",
				);
				MARKETING_VERSION = 1.0;
				PRODUCT_BUNDLE_IDENTIFIER = com.mkodo.myung.manon.Minesweeper;
				PRODUCT_NAME = "$(TARGET_NAME)";
				SWIFT_EMIT_LOC_STRINGS = YES;
				SWIFT_VERSION = 5.0;
				TARGETED_DEVICE_FAMILY = "1,2";
			};
			name = Debug;
		};
		F7E195E927F5DFF500A31BC3 /* Release */ = {
			isa = XCBuildConfiguration;
			buildSettings = {
				ASSETCATALOG_COMPILER_APPICON_NAME = AppIcon;
				ASSETCATALOG_COMPILER_GLOBAL_ACCENT_COLOR_NAME = AccentColor;
				CODE_SIGN_STYLE = Automatic;
				CURRENT_PROJECT_VERSION = 1;
				DEVELOPMENT_ASSET_PATHS = "\"Minesweeper/Preview Content\"";
				DEVELOPMENT_TEAM = Z23KBBLHWB;
				ENABLE_PREVIEWS = YES;
				GENERATE_INFOPLIST_FILE = YES;
				INFOPLIST_KEY_UIApplicationSceneManifest_Generation = YES;
				INFOPLIST_KEY_UIApplicationSupportsIndirectInputEvents = YES;
				INFOPLIST_KEY_UILaunchScreen_Generation = YES;
				INFOPLIST_KEY_UISupportedInterfaceOrientations_iPad = "UIInterfaceOrientationPortrait UIInterfaceOrientationPortraitUpsideDown UIInterfaceOrientationLandscapeLeft UIInterfaceOrientationLandscapeRight";
				INFOPLIST_KEY_UISupportedInterfaceOrientations_iPhone = "UIInterfaceOrientationPortrait UIInterfaceOrientationLandscapeLeft UIInterfaceOrientationLandscapeRight";
				LD_RUNPATH_SEARCH_PATHS = (
					"$(inherited)",
					"@executable_path/Frameworks",
				);
				MARKETING_VERSION = 1.0;
				PRODUCT_BUNDLE_IDENTIFIER = com.mkodo.myung.manon.Minesweeper;
				PRODUCT_NAME = "$(TARGET_NAME)";
				SWIFT_EMIT_LOC_STRINGS = YES;
				SWIFT_VERSION = 5.0;
				TARGETED_DEVICE_FAMILY = "1,2";
			};
			name = Release;
		};
		F7E195EB27F5DFF500A31BC3 /* Debug */ = {
			isa = XCBuildConfiguration;
			buildSettings = {
				ALWAYS_EMBED_SWIFT_STANDARD_LIBRARIES = YES;
				BUNDLE_LOADER = "$(TEST_HOST)";
				CODE_SIGN_STYLE = Automatic;
				CURRENT_PROJECT_VERSION = 1;
				DEVELOPMENT_TEAM = Z23KBBLHWB;
				GENERATE_INFOPLIST_FILE = YES;
				IPHONEOS_DEPLOYMENT_TARGET = 15.4;
				MARKETING_VERSION = 1.0;
				PRODUCT_BUNDLE_IDENTIFIER = com.mkodo.myung.manon.MinesweeperTests;
				PRODUCT_NAME = "$(TARGET_NAME)";
				SWIFT_EMIT_LOC_STRINGS = NO;
				SWIFT_VERSION = 5.0;
				TARGETED_DEVICE_FAMILY = "1,2";
				TEST_HOST = "$(BUILT_PRODUCTS_DIR)/Minesweeper.app/Minesweeper";
			};
			name = Debug;
		};
		F7E195EC27F5DFF500A31BC3 /* Release */ = {
			isa = XCBuildConfiguration;
			buildSettings = {
				ALWAYS_EMBED_SWIFT_STANDARD_LIBRARIES = YES;
				BUNDLE_LOADER = "$(TEST_HOST)";
				CODE_SIGN_STYLE = Automatic;
				CURRENT_PROJECT_VERSION = 1;
				DEVELOPMENT_TEAM = Z23KBBLHWB;
				GENERATE_INFOPLIST_FILE = YES;
				IPHONEOS_DEPLOYMENT_TARGET = 15.4;
				MARKETING_VERSION = 1.0;
				PRODUCT_BUNDLE_IDENTIFIER = com.mkodo.myung.manon.MinesweeperTests;
				PRODUCT_NAME = "$(TARGET_NAME)";
				SWIFT_EMIT_LOC_STRINGS = NO;
				SWIFT_VERSION = 5.0;
				TARGETED_DEVICE_FAMILY = "1,2";
				TEST_HOST = "$(BUILT_PRODUCTS_DIR)/Minesweeper.app/Minesweeper";
			};
			name = Release;
		};
/* End XCBuildConfiguration section */

/* Begin XCConfigurationList section */
		F7E195BE27F5DFF300A31BC3 /* Build configuration list for PBXProject "Minesweeper" */ = {
			isa = XCConfigurationList;
			buildConfigurations = (
				F7E195E527F5DFF500A31BC3 /* Debug */,
				F7E195E627F5DFF500A31BC3 /* Release */,
			);
			defaultConfigurationIsVisible = 0;
			defaultConfigurationName = Release;
		};
		F7E195E727F5DFF500A31BC3 /* Build configuration list for PBXNativeTarget "Minesweeper" */ = {
			isa = XCConfigurationList;
			buildConfigurations = (
				F7E195E827F5DFF500A31BC3 /* Debug */,
				F7E195E927F5DFF500A31BC3 /* Release */,
			);
			defaultConfigurationIsVisible = 0;
			defaultConfigurationName = Release;
		};
		F7E195EA27F5DFF500A31BC3 /* Build configuration list for PBXNativeTarget "MinesweeperTests" */ = {
			isa = XCConfigurationList;
			buildConfigurations = (
				F7E195EB27F5DFF500A31BC3 /* Debug */,
				F7E195EC27F5DFF500A31BC3 /* Release */,
			);
			defaultConfigurationIsVisible = 0;
			defaultConfigurationName = Release;
		};
/* End XCConfigurationList section */
	};
	rootObject = F7E195BB27F5DFF300A31BC3 /* Project object */;
}
